
Microsoft Visual Studio Solution File, Format Version 12.00
# Visual Studio Version 17
VisualStudioVersion = 17.10.34928.147
MinimumVisualStudioVersion = 10.0.40219.1
Project("{9A19103F-16F7-4668-BE54-9A1E7A4F7556}") = "Server", "Server\Server.csproj", "{F65C4E71-7C4B-4F7C-AC39-DC7F74654AC2}"
EndProject
Project("{9A19103F-16F7-4668-BE54-9A1E7A4F7556}") = "ServerCore", "ServerCore\ServerCore.csproj", "{6FC2D103-9CB8-4971-8EBB-FBDF2F9FEC7E}"
EndProject
Project("{9A19103F-16F7-4668-BE54-9A1E7A4F7556}") = "DummyClient", "DummyClient\DummyClient.csproj", "{8CE769FD-5122-4EC6-B438-86433402F4E2}"
EndProject
Project("{FAE04EC0-301F-11D3-BF4B-00C04F79EFBC}") = "PacketGenerator", "PacketGenerator\PacketGenerator.csproj", "{BC3D26B6-A98F-429D-9F0D-39B6F28A8B5E}"
EndProject
Project("{2150E333-8FDC-42A3-9474-1A3956D46DE8}") = "Tools", "Tools", "{C7925315-0EF5-40F8-A85C-A21120815A66}"
EndProject
Project("{FAE04EC0-301F-11D3-BF4B-00C04F79EFBC}") = "ChatServer", "ChatServer\ChatServer.csproj", "{C80CEC42-56D6-41F0-9B8B-E5730F8AFED9}"
EndProject
Global
	GlobalSection(SolutionConfigurationPlatforms) = preSolution
		Debug|Any CPU = Debug|Any CPU
		Release|Any CPU = Release|Any CPU
	EndGlobalSection
	GlobalSection(ProjectConfigurationPlatforms) = postSolution
		{F65C4E71-7C4B-4F7C-AC39-DC7F74654AC2}.Debug|Any CPU.ActiveCfg = Debug|Any CPU
		{F65C4E71-7C4B-4F7C-AC39-DC7F74654AC2}.Debug|Any CPU.Build.0 = Debug|Any CPU
		{F65C4E71-7C4B-4F7C-AC39-DC7F74654AC2}.Release|Any CPU.ActiveCfg = Release|Any CPU
		{F65C4E71-7C4B-4F7C-AC39-DC7F74654AC2}.Release|Any CPU.Build.0 = Release|Any CPU
		{6FC2D103-9CB8-4971-8EBB-FBDF2F9FEC7E}.Debug|Any CPU.ActiveCfg = Debug|Any CPU
		{6FC2D103-9CB8-4971-8EBB-FBDF2F9FEC7E}.Debug|Any CPU.Build.0 = Debug|Any CPU
		{6FC2D103-9CB8-4971-8EBB-FBDF2F9FEC7E}.Release|Any CPU.ActiveCfg = Release|Any CPU
		{6FC2D103-9CB8-4971-8EBB-FBDF2F9FEC7E}.Release|Any CPU.Build.0 = Release|Any CPU
		{8CE769FD-5122-4EC6-B438-86433402F4E2}.Debug|Any CPU.ActiveCfg = Debug|Any CPU
		{8CE769FD-5122-4EC6-B438-86433402F4E2}.Debug|Any CPU.Build.0 = Debug|Any CPU
		{8CE769FD-5122-4EC6-B438-86433402F4E2}.Release|Any CPU.ActiveCfg = Release|Any CPU
		{8CE769FD-5122-4EC6-B438-86433402F4E2}.Release|Any CPU.Build.0 = Release|Any CPU
		{BC3D26B6-A98F-429D-9F0D-39B6F28A8B5E}.Debug|Any CPU.ActiveCfg = Debug|Any CPU
		{BC3D26B6-A98F-429D-9F0D-39B6F28A8B5E}.Debug|Any CPU.Build.0 = Debug|Any CPU
		{BC3D26B6-A98F-429D-9F0D-39B6F28A8B5E}.Release|Any CPU.ActiveCfg = Release|Any CPU
		{BC3D26B6-A98F-429D-9F0D-39B6F28A8B5E}.Release|Any CPU.Build.0 = Release|Any CPU
		{C80CEC42-56D6-41F0-9B8B-E5730F8AFED9}.Debug|Any CPU.ActiveCfg = Debug|Any CPU
		{C80CEC42-56D6-41F0-9B8B-E5730F8AFED9}.Debug|Any CPU.Build.0 = Debug|Any CPU
		{C80CEC42-56D6-41F0-9B8B-E5730F8AFED9}.Release|Any CPU.ActiveCfg = Release|Any CPU
		{C80CEC42-56D6-41F0-9B8B-E5730F8AFED9}.Release|Any CPU.Build.0 = Release|Any CPU
	EndGlobalSection
	GlobalSection(SolutionProperties) = preSolution
		HideSolutionNode = FALSE
	EndGlobalSection
	GlobalSection(NestedProjects) = preSolution
		{BC3D26B6-A98F-429D-9F0D-39B6F28A8B5E} = {C7925315-0EF5-40F8-A85C-A21120815A66}
	EndGlobalSection
	GlobalSection(ExtensibilityGlobals) = postSolution
		SolutionGuid = {15CF1C3B-FC8B-43D3-9F18-A5ADB183BF2A}
	EndGlobalSection
EndGlobal
